
Microsoft Visual Studio Solution File, Format Version 12.00
# Visual Studio Version 16
VisualStudioVersion = 16.0.29911.84
MinimumVisualStudioVersion = 10.0.40219.1
Project("{FAE04EC0-301F-11D3-BF4B-00C04F79EFBC}") = "WebHookRegister", "WebHookRegister\WebHookRegister.csproj", "{36826CDD-DF91-450D-A495-F58FF375D3E0}"
EndProject
Project("{E53339B2-1760-4266-BCC7-CA923CBCF16C}") = "docker-compose", "docker-compose.dcproj", "{36B8796D-03DF-474E-8F04-64E02727E0F6}"
EndProject
Global
	GlobalSection(SolutionConfigurationPlatforms) = preSolution
		Debug|Any CPU = Debug|Any CPU
		Release|Any CPU = Release|Any CPU
	EndGlobalSection
	GlobalSection(ProjectConfigurationPlatforms) = postSolution
		{36826CDD-DF91-450D-A495-F58FF375D3E0}.Debug|Any CPU.ActiveCfg = Debug|Any CPU
		{36826CDD-DF91-450D-A495-F58FF375D3E0}.Debug|Any CPU.Build.0 = Debug|Any CPU
		{36826CDD-DF91-450D-A495-F58FF375D3E0}.Release|Any CPU.ActiveCfg = Release|Any CPU
		{36826CDD-DF91-450D-A495-F58FF375D3E0}.Release|Any CPU.Build.0 = Release|Any CPU
		{36B8796D-03DF-474E-8F04-64E02727E0F6}.Debug|Any CPU.ActiveCfg = Debug|Any CPU
		{36B8796D-03DF-474E-8F04-64E02727E0F6}.Debug|Any CPU.Build.0 = Debug|Any CPU
		{36B8796D-03DF-474E-8F04-64E02727E0F6}.Release|Any CPU.ActiveCfg = Release|Any CPU
		{36B8796D-03DF-474E-8F04-64E02727E0F6}.Release|Any CPU.Build.0 = Release|Any CPU
	EndGlobalSection
	GlobalSection(SolutionProperties) = preSolution
		HideSolutionNode = FALSE
	EndGlobalSection
	GlobalSection(ExtensibilityGlobals) = postSolution
		SolutionGuid = {4D3782E3-CA95-4402-92D0-8D9E0C4AAB16}
	EndGlobalSection
EndGlobal
